
Microsoft Visual Studio Solution File, Format Version 12.00
# Visual Studio Version 16
VisualStudioVersion = 16.0.32002.261
MinimumVisualStudioVersion = 10.0.40219.1
Project("{FAE04EC0-301F-11D3-BF4B-00C04F79EFBC}") = "RespawnPatch", "RespawnPatch\RespawnPatch.csproj", "{2A73A991-10DD-439F-B9F8-AF3FEAFEE29D}"
EndProject
Global
	GlobalSection(SolutionConfigurationPlatforms) = preSolution
		Debug|Any CPU = Debug|Any CPU
		Release|Any CPU = Release|Any CPU
	EndGlobalSection
	GlobalSection(ProjectConfigurationPlatforms) = postSolution
		{2A73A991-10DD-439F-B9F8-AF3FEAFEE29D}.Debug|Any CPU.ActiveCfg = Debug|Any CPU
		{2A73A991-10DD-439F-B9F8-AF3FEAFEE29D}.Debug|Any CPU.Build.0 = Debug|Any CPU
		{2A73A991-10DD-439F-B9F8-AF3FEAFEE29D}.Release|Any CPU.ActiveCfg = Release|Any CPU
		{2A73A991-10DD-439F-B9F8-AF3FEAFEE29D}.Release|Any CPU.Build.0 = Release|Any CPU
	EndGlobalSection
	GlobalSection(SolutionProperties) = preSolution
		HideSolutionNode = FALSE
	EndGlobalSection
	GlobalSection(ExtensibilityGlobals) = postSolution
		SolutionGuid = {640B1AFA-ED5D-47E5-99CF-1E2AA9CC6959}
	EndGlobalSection
EndGlobal
